// !$*UTF8*$!
{
	archiveVersion = 1;
	classes = {
	};
	objectVersion = 46;
	objects = {

/* Begin PBXBuildFile section */
		0A91690A4529B67DE954792C /* Pods_RssNewsClient.framework in Frameworks */ = {isa = PBXBuildFile; fileRef = 61C97D2367C137400B71B63E /* Pods_RssNewsClient.framework */; };
		9580B4781F842EB6004A8816 /* News.swift in Sources */ = {isa = PBXBuildFile; fileRef = 9580B4771F842EB6004A8816 /* News.swift */; };
		9587A1811F83BA2800CD1568 /* AppDelegate.swift in Sources */ = {isa = PBXBuildFile; fileRef = 9587A1801F83BA2800CD1568 /* AppDelegate.swift */; };
		9587A1831F83BA2800CD1568 /* NewsTableViewController.swift in Sources */ = {isa = PBXBuildFile; fileRef = 9587A1821F83BA2800CD1568 /* NewsTableViewController.swift */; };
		9587A1861F83BA2800CD1568 /* Main.storyboard in Resources */ = {isa = PBXBuildFile; fileRef = 9587A1841F83BA2800CD1568 /* Main.storyboard */; };
		9587A1881F83BA2800CD1568 /* Assets.xcassets in Resources */ = {isa = PBXBuildFile; fileRef = 9587A1871F83BA2800CD1568 /* Assets.xcassets */; };
		9587A18B1F83BA2800CD1568 /* LaunchScreen.storyboard in Resources */ = {isa = PBXBuildFile; fileRef = 9587A1891F83BA2800CD1568 /* LaunchScreen.storyboard */; };
		9587A1961F83BA2800CD1568 /* RssNewsClientTests.swift in Sources */ = {isa = PBXBuildFile; fileRef = 9587A1951F83BA2800CD1568 /* RssNewsClientTests.swift */; };
		95DC88A01F85182E004D5C70 /* NewsTableViewCell.swift in Sources */ = {isa = PBXBuildFile; fileRef = 95DC889F1F85182E004D5C70 /* NewsTableViewCell.swift */; };
		95DC88A21F85191C004D5C70 /* NewsTableCellViewModel.swift in Sources */ = {isa = PBXBuildFile; fileRef = 95DC88A11F85191C004D5C70 /* NewsTableCellViewModel.swift */; };
		95DC88A41F851A13004D5C70 /* NewsTableViewModel.swift in Sources */ = {isa = PBXBuildFile; fileRef = 95DC88A31F851A13004D5C70 /* NewsTableViewModel.swift */; };
		95DC88A91F851C91004D5C70 /* NewsManager.swift in Sources */ = {isa = PBXBuildFile; fileRef = 95DC88A81F851C91004D5C70 /* NewsManager.swift */; };
		D9204E4C60D34402702603B8 /* Pods_RssNewsClientTests.framework in Frameworks */ = {isa = PBXBuildFile; fileRef = E3E6C7196EBA28827BCFD1EC /* Pods_RssNewsClientTests.framework */; };
/* End PBXBuildFile section */

/* Begin PBXContainerItemProxy section */
		9587A1921F83BA2800CD1568 /* PBXContainerItemProxy */ = {
			isa = PBXContainerItemProxy;
			containerPortal = 9587A1751F83BA2800CD1568 /* Project object */;
			proxyType = 1;
			remoteGlobalIDString = 9587A17C1F83BA2800CD1568;
			remoteInfo = RssNewsClient;
		};
/* End PBXContainerItemProxy section */

/* Begin PBXFileReference section */
		137D30E8EC520892DA48932F /* Pods-RssNewsClientTests.debug.xcconfig */ = {isa = PBXFileReference; includeInIndex = 1; lastKnownFileType = text.xcconfig; name = "Pods-RssNewsClientTests.debug.xcconfig"; path = "Pods/Target Support Files/Pods-RssNewsClientTests/Pods-RssNewsClientTests.debug.xcconfig"; sourceTree = "<group>"; };
		217EF5800BCAB85FAEADB6B3 /* Pods-RssNewsClient.debug.xcconfig */ = {isa = PBXFileReference; includeInIndex = 1; lastKnownFileType = text.xcconfig; name = "Pods-RssNewsClient.debug.xcconfig"; path = "Pods/Target Support Files/Pods-RssNewsClient/Pods-RssNewsClient.debug.xcconfig"; sourceTree = "<group>"; };
		273EBD4D950C88674F98687A /* Pods-RssNewsClientTests.release.xcconfig */ = {isa = PBXFileReference; includeInIndex = 1; lastKnownFileType = text.xcconfig; name = "Pods-RssNewsClientTests.release.xcconfig"; path = "Pods/Target Support Files/Pods-RssNewsClientTests/Pods-RssNewsClientTests.release.xcconfig"; sourceTree = "<group>"; };
		61C97D2367C137400B71B63E /* Pods_RssNewsClient.framework */ = {isa = PBXFileReference; explicitFileType = wrapper.framework; includeInIndex = 0; path = Pods_RssNewsClient.framework; sourceTree = BUILT_PRODUCTS_DIR; };
		9580B4771F842EB6004A8816 /* News.swift */ = {isa = PBXFileReference; fileEncoding = 4; lastKnownFileType = sourcecode.swift; path = News.swift; sourceTree = "<group>"; };
		9587A17D1F83BA2800CD1568 /* RssNewsClient.app */ = {isa = PBXFileReference; explicitFileType = wrapper.application; includeInIndex = 0; path = RssNewsClient.app; sourceTree = BUILT_PRODUCTS_DIR; };
		9587A1801F83BA2800CD1568 /* AppDelegate.swift */ = {isa = PBXFileReference; lastKnownFileType = sourcecode.swift; path = AppDelegate.swift; sourceTree = "<group>"; };
		9587A1821F83BA2800CD1568 /* NewsTableViewController.swift */ = {isa = PBXFileReference; lastKnownFileType = sourcecode.swift; path = NewsTableViewController.swift; sourceTree = "<group>"; };
		9587A1851F83BA2800CD1568 /* Base */ = {isa = PBXFileReference; lastKnownFileType = file.storyboard; name = Base; path = Base.lproj/Main.storyboard; sourceTree = "<group>"; };
		9587A1871F83BA2800CD1568 /* Assets.xcassets */ = {isa = PBXFileReference; lastKnownFileType = folder.assetcatalog; path = Assets.xcassets; sourceTree = "<group>"; };
		9587A18A1F83BA2800CD1568 /* Base */ = {isa = PBXFileReference; lastKnownFileType = file.storyboard; name = Base; path = Base.lproj/LaunchScreen.storyboard; sourceTree = "<group>"; };
		9587A18C1F83BA2800CD1568 /* Info.plist */ = {isa = PBXFileReference; lastKnownFileType = text.plist.xml; path = Info.plist; sourceTree = "<group>"; };
		9587A1911F83BA2800CD1568 /* RssNewsClientTests.xctest */ = {isa = PBXFileReference; explicitFileType = wrapper.cfbundle; includeInIndex = 0; path = RssNewsClientTests.xctest; sourceTree = BUILT_PRODUCTS_DIR; };
		9587A1951F83BA2800CD1568 /* RssNewsClientTests.swift */ = {isa = PBXFileReference; lastKnownFileType = sourcecode.swift; path = RssNewsClientTests.swift; sourceTree = "<group>"; };
		9587A1971F83BA2800CD1568 /* Info.plist */ = {isa = PBXFileReference; lastKnownFileType = text.plist.xml; path = Info.plist; sourceTree = "<group>"; };
		95DC889F1F85182E004D5C70 /* NewsTableViewCell.swift */ = {isa = PBXFileReference; fileEncoding = 4; lastKnownFileType = sourcecode.swift; path = NewsTableViewCell.swift; sourceTree = "<group>"; };
		95DC88A11F85191C004D5C70 /* NewsTableCellViewModel.swift */ = {isa = PBXFileReference; fileEncoding = 4; lastKnownFileType = sourcecode.swift; path = NewsTableCellViewModel.swift; sourceTree = "<group>"; };
		95DC88A31F851A13004D5C70 /* NewsTableViewModel.swift */ = {isa = PBXFileReference; fileEncoding = 4; lastKnownFileType = sourcecode.swift; path = NewsTableViewModel.swift; sourceTree = "<group>"; };
		95DC88A81F851C91004D5C70 /* NewsManager.swift */ = {isa = PBXFileReference; fileEncoding = 4; lastKnownFileType = sourcecode.swift; path = NewsManager.swift; sourceTree = "<group>"; };
		E3E6C7196EBA28827BCFD1EC /* Pods_RssNewsClientTests.framework */ = {isa = PBXFileReference; explicitFileType = wrapper.framework; includeInIndex = 0; path = Pods_RssNewsClientTests.framework; sourceTree = BUILT_PRODUCTS_DIR; };
		EDBF603D16406E5EB4D354F3 /* Pods-RssNewsClient.release.xcconfig */ = {isa = PBXFileReference; includeInIndex = 1; lastKnownFileType = text.xcconfig; name = "Pods-RssNewsClient.release.xcconfig"; path = "Pods/Target Support Files/Pods-RssNewsClient/Pods-RssNewsClient.release.xcconfig"; sourceTree = "<group>"; };
/* End PBXFileReference section */

/* Begin PBXFrameworksBuildPhase section */
		9587A17A1F83BA2800CD1568 /* Frameworks */ = {
			isa = PBXFrameworksBuildPhase;
			buildActionMask = 2147483647;
			files = (
				0A91690A4529B67DE954792C /* Pods_RssNewsClient.framework in Frameworks */,
			);
			runOnlyForDeploymentPostprocessing = 0;
		};
		9587A18E1F83BA2800CD1568 /* Frameworks */ = {
			isa = PBXFrameworksBuildPhase;
			buildActionMask = 2147483647;
			files = (
				D9204E4C60D34402702603B8 /* Pods_RssNewsClientTests.framework in Frameworks */,
			);
			runOnlyForDeploymentPostprocessing = 0;
		};
/* End PBXFrameworksBuildPhase section */

/* Begin PBXGroup section */
		9580B4751F842E9D004A8816 /* model */ = {
			isa = PBXGroup;
			children = (
				9580B4771F842EB6004A8816 /* News.swift */,
			);
			name = model;
			sourceTree = "<group>";
		};
		9587A1741F83BA2800CD1568 = {
			isa = PBXGroup;
			children = (
				9587A17F1F83BA2800CD1568 /* RssNewsClient */,
				9587A1941F83BA2800CD1568 /* RssNewsClientTests */,
				9587A17E1F83BA2800CD1568 /* Products */,
				CD989A9FF13D4CF5038E218B /* Pods */,
				9BDDC3CFFEEC8CB4900A185E /* Frameworks */,
			);
			sourceTree = "<group>";
		};
		9587A17E1F83BA2800CD1568 /* Products */ = {
			isa = PBXGroup;
			children = (
				9587A17D1F83BA2800CD1568 /* RssNewsClient.app */,
				9587A1911F83BA2800CD1568 /* RssNewsClientTests.xctest */,
			);
			name = Products;
			sourceTree = "<group>";
		};
		9587A17F1F83BA2800CD1568 /* RssNewsClient */ = {
			isa = PBXGroup;
			children = (
				95DC88A71F851BB1004D5C70 /* Resources */,
				95DC88A61F851B92004D5C70 /* View */,
				95DC88A51F851B7D004D5C70 /* ViewModel */,
				9580B4751F842E9D004A8816 /* model */,
				9587A1801F83BA2800CD1568 /* AppDelegate.swift */,
				95DC88A81F851C91004D5C70 /* NewsManager.swift */,
			);
			path = RssNewsClient;
			sourceTree = "<group>";
		};
		9587A1941F83BA2800CD1568 /* RssNewsClientTests */ = {
			isa = PBXGroup;
			children = (
				9587A1951F83BA2800CD1568 /* RssNewsClientTests.swift */,
				9587A1971F83BA2800CD1568 /* Info.plist */,
			);
			path = RssNewsClientTests;
			sourceTree = "<group>";
		};
		95DC88A51F851B7D004D5C70 /* ViewModel */ = {
			isa = PBXGroup;
			children = (
				95DC88A11F85191C004D5C70 /* NewsTableCellViewModel.swift */,
				95DC88A31F851A13004D5C70 /* NewsTableViewModel.swift */,
			);
			name = ViewModel;
			sourceTree = "<group>";
		};
		95DC88A61F851B92004D5C70 /* View */ = {
			isa = PBXGroup;
			children = (
				9587A1821F83BA2800CD1568 /* NewsTableViewController.swift */,
				9587A1841F83BA2800CD1568 /* Main.storyboard */,
				95DC889F1F85182E004D5C70 /* NewsTableViewCell.swift */,
			);
			name = View;
			sourceTree = "<group>";
		};
		95DC88A71F851BB1004D5C70 /* Resources */ = {
			isa = PBXGroup;
			children = (
				9587A1871F83BA2800CD1568 /* Assets.xcassets */,
				9587A1891F83BA2800CD1568 /* LaunchScreen.storyboard */,
				9587A18C1F83BA2800CD1568 /* Info.plist */,
			);
			name = Resources;
			sourceTree = "<group>";
		};
		9BDDC3CFFEEC8CB4900A185E /* Frameworks */ = {
			isa = PBXGroup;
			children = (
				61C97D2367C137400B71B63E /* Pods_RssNewsClient.framework */,
				E3E6C7196EBA28827BCFD1EC /* Pods_RssNewsClientTests.framework */,
			);
			name = Frameworks;
			sourceTree = "<group>";
		};
		CD989A9FF13D4CF5038E218B /* Pods */ = {
			isa = PBXGroup;
			children = (
				217EF5800BCAB85FAEADB6B3 /* Pods-RssNewsClient.debug.xcconfig */,
				EDBF603D16406E5EB4D354F3 /* Pods-RssNewsClient.release.xcconfig */,
				137D30E8EC520892DA48932F /* Pods-RssNewsClientTests.debug.xcconfig */,
				273EBD4D950C88674F98687A /* Pods-RssNewsClientTests.release.xcconfig */,
			);
			name = Pods;
			sourceTree = "<group>";
		};
/* End PBXGroup section */

/* Begin PBXNativeTarget section */
		9587A17C1F83BA2800CD1568 /* RssNewsClient */ = {
			isa = PBXNativeTarget;
			buildConfigurationList = 9587A19A1F83BA2800CD1568 /* Build configuration list for PBXNativeTarget "RssNewsClient" */;
			buildPhases = (
				952260A9076A16A7BE427DCA /* [CP] Check Pods Manifest.lock */,
				9587A1791F83BA2800CD1568 /* Sources */,
				9587A17A1F83BA2800CD1568 /* Frameworks */,
				9587A17B1F83BA2800CD1568 /* Resources */,
				8ACEDA2DC5F29325607FF6A4 /* [CP] Embed Pods Frameworks */,
				3C1D72145F9D67253F788497 /* [CP] Copy Pods Resources */,
			);
			buildRules = (
			);
			dependencies = (
			);
			name = RssNewsClient;
			productName = RssNewsClient;
			productReference = 9587A17D1F83BA2800CD1568 /* RssNewsClient.app */;
			productType = "com.apple.product-type.application";
		};
		9587A1901F83BA2800CD1568 /* RssNewsClientTests */ = {
			isa = PBXNativeTarget;
			buildConfigurationList = 9587A19D1F83BA2800CD1568 /* Build configuration list for PBXNativeTarget "RssNewsClientTests" */;
			buildPhases = (
				923CE23AE881E82DC96E7BF9 /* [CP] Check Pods Manifest.lock */,
				9587A18D1F83BA2800CD1568 /* Sources */,
				9587A18E1F83BA2800CD1568 /* Frameworks */,
				9587A18F1F83BA2800CD1568 /* Resources */,
				D5F4B7700CBA1E6E67147FB0 /* [CP] Embed Pods Frameworks */,
				DED3E2BF909EE18C78A4FA56 /* [CP] Copy Pods Resources */,
			);
			buildRules = (
			);
			dependencies = (
				9587A1931F83BA2800CD1568 /* PBXTargetDependency */,
			);
			name = RssNewsClientTests;
			productName = RssNewsClientTests;
			productReference = 9587A1911F83BA2800CD1568 /* RssNewsClientTests.xctest */;
			productType = "com.apple.product-type.bundle.unit-test";
		};
/* End PBXNativeTarget section */

/* Begin PBXProject section */
		9587A1751F83BA2800CD1568 /* Project object */ = {
			isa = PBXProject;
			attributes = {
				LastSwiftUpdateCheck = 0820;
				LastUpgradeCheck = 0820;
				ORGANIZATIONNAME = "Eugene Lezov";
				TargetAttributes = {
					9587A17C1F83BA2800CD1568 = {
						CreatedOnToolsVersion = 8.2.1;
						DevelopmentTeam = WNZNG5YT8F;
						ProvisioningStyle = Automatic;
					};
					9587A1901F83BA2800CD1568 = {
						CreatedOnToolsVersion = 8.2.1;
						DevelopmentTeam = WNZNG5YT8F;
						ProvisioningStyle = Automatic;
						TestTargetID = 9587A17C1F83BA2800CD1568;
					};
				};
			};
			buildConfigurationList = 9587A1781F83BA2800CD1568 /* Build configuration list for PBXProject "RssNewsClient" */;
			compatibilityVersion = "Xcode 3.2";
			developmentRegion = English;
			hasScannedForEncodings = 0;
			knownRegions = (
				en,
				Base,
			);
			mainGroup = 9587A1741F83BA2800CD1568;
			productRefGroup = 9587A17E1F83BA2800CD1568 /* Products */;
			projectDirPath = "";
			projectRoot = "";
			targets = (
				9587A17C1F83BA2800CD1568 /* RssNewsClient */,
				9587A1901F83BA2800CD1568 /* RssNewsClientTests */,
			);
		};
/* End PBXProject section */

/* Begin PBXResourcesBuildPhase section */
		9587A17B1F83BA2800CD1568 /* Resources */ = {
			isa = PBXResourcesBuildPhase;
			buildActionMask = 2147483647;
			files = (
				9587A18B1F83BA2800CD1568 /* LaunchScreen.storyboard in Resources */,
				9587A1881F83BA2800CD1568 /* Assets.xcassets in Resources */,
				9587A1861F83BA2800CD1568 /* Main.storyboard in Resources */,
			);
			runOnlyForDeploymentPostprocessing = 0;
		};
		9587A18F1F83BA2800CD1568 /* Resources */ = {
			isa = PBXResourcesBuildPhase;
			buildActionMask = 2147483647;
			files = (
			);
			runOnlyForDeploymentPostprocessing = 0;
		};
/* End PBXResourcesBuildPhase section */

/* Begin PBXShellScriptBuildPhase section */
		3C1D72145F9D67253F788497 /* [CP] Copy Pods Resources */ = {
			isa = PBXShellScriptBuildPhase;
			buildActionMask = 2147483647;
			files = (
			);
			inputPaths = (
			);
			name = "[CP] Copy Pods Resources";
			outputPaths = (
			);
			runOnlyForDeploymentPostprocessing = 0;
			shellPath = /bin/sh;
			shellScript = "\"${SRCROOT}/Pods/Target Support Files/Pods-RssNewsClient/Pods-RssNewsClient-resources.sh\"\n";
			showEnvVarsInLog = 0;
		};
		8ACEDA2DC5F29325607FF6A4 /* [CP] Embed Pods Frameworks */ = {
			isa = PBXShellScriptBuildPhase;
			buildActionMask = 2147483647;
			files = (
			);
			inputPaths = (
			);
			name = "[CP] Embed Pods Frameworks";
			outputPaths = (
			);
			runOnlyForDeploymentPostprocessing = 0;
			shellPath = /bin/sh;
			shellScript = "\"${SRCROOT}/Pods/Target Support Files/Pods-RssNewsClient/Pods-RssNewsClient-frameworks.sh\"\n";
			showEnvVarsInLog = 0;
		};
		923CE23AE881E82DC96E7BF9 /* [CP] Check Pods Manifest.lock */ = {
			isa = PBXShellScriptBuildPhase;
			buildActionMask = 2147483647;
			files = (
			);
			inputPaths = (
			);
			name = "[CP] Check Pods Manifest.lock";
			outputPaths = (
			);
			runOnlyForDeploymentPostprocessing = 0;
			shellPath = /bin/sh;
			shellScript = "diff \"${PODS_ROOT}/../Podfile.lock\" \"${PODS_ROOT}/Manifest.lock\" > /dev/null\nif [ $? != 0 ] ; then\n    # print error to STDERR\n    echo \"error: The sandbox is not in sync with the Podfile.lock. Run 'pod install' or update your CocoaPods installation.\" >&2\n    exit 1\nfi\n";
			showEnvVarsInLog = 0;
		};
		952260A9076A16A7BE427DCA /* [CP] Check Pods Manifest.lock */ = {
			isa = PBXShellScriptBuildPhase;
			buildActionMask = 2147483647;
			files = (
			);
			inputPaths = (
			);
			name = "[CP] Check Pods Manifest.lock";
			outputPaths = (
			);
			runOnlyForDeploymentPostprocessing = 0;
			shellPath = /bin/sh;
			shellScript = "diff \"${PODS_ROOT}/../Podfile.lock\" \"${PODS_ROOT}/Manifest.lock\" > /dev/null\nif [ $? != 0 ] ; then\n    # print error to STDERR\n    echo \"error: The sandbox is not in sync with the Podfile.lock. Run 'pod install' or update your CocoaPods installation.\" >&2\n    exit 1\nfi\n";
			showEnvVarsInLog = 0;
		};
		D5F4B7700CBA1E6E67147FB0 /* [CP] Embed Pods Frameworks */ = {
			isa = PBXShellScriptBuildPhase;
			buildActionMask = 2147483647;
			files = (
			);
			inputPaths = (
			);
			name = "[CP] Embed Pods Frameworks";
			outputPaths = (
			);
			runOnlyForDeploymentPostprocessing = 0;
			shellPath = /bin/sh;
			shellScript = "\"${SRCROOT}/Pods/Target Support Files/Pods-RssNewsClientTests/Pods-RssNewsClientTests-frameworks.sh\"\n";
			showEnvVarsInLog = 0;
		};
		DED3E2BF909EE18C78A4FA56 /* [CP] Copy Pods Resources */ = {
			isa = PBXShellScriptBuildPhase;
			buildActionMask = 2147483647;
			files = (
			);
			inputPaths = (
			);
			name = "[CP] Copy Pods Resources";
			outputPaths = (
			);
			runOnlyForDeploymentPostprocessing = 0;
			shellPath = /bin/sh;
			shellScript = "\"${SRCROOT}/Pods/Target Support Files/Pods-RssNewsClientTests/Pods-RssNewsClientTests-resources.sh\"\n";
			showEnvVarsInLog = 0;
		};
/* End PBXShellScriptBuildPhase section */

/* Begin PBXSourcesBuildPhase section */
		9587A1791F83BA2800CD1568 /* Sources */ = {
			isa = PBXSourcesBuildPhase;
			buildActionMask = 2147483647;
			files = (
				95DC88A21F85191C004D5C70 /* NewsTableCellViewModel.swift in Sources */,
				9580B4781F842EB6004A8816 /* News.swift in Sources */,
				95DC88A41F851A13004D5C70 /* NewsTableViewModel.swift in Sources */,
				9587A1831F83BA2800CD1568 /* NewsTableViewController.swift in Sources */,
				95DC88A01F85182E004D5C70 /* NewsTableViewCell.swift in Sources */,
				95DC88A91F851C91004D5C70 /* NewsManager.swift in Sources */,
				9587A1811F83BA2800CD1568 /* AppDelegate.swift in Sources */,
			);
			runOnlyForDeploymentPostprocessing = 0;
		};
		9587A18D1F83BA2800CD1568 /* Sources */ = {
			isa = PBXSourcesBuildPhase;
			buildActionMask = 2147483647;
			files = (
				9587A1961F83BA2800CD1568 /* RssNewsClientTests.swift in Sources */,
			);
			runOnlyForDeploymentPostprocessing = 0;
		};
/* End PBXSourcesBuildPhase section */

/* Begin PBXTargetDependency section */
		9587A1931F83BA2800CD1568 /* PBXTargetDependency */ = {
			isa = PBXTargetDependency;
			target = 9587A17C1F83BA2800CD1568 /* RssNewsClient */;
			targetProxy = 9587A1921F83BA2800CD1568 /* PBXContainerItemProxy */;
		};
/* End PBXTargetDependency section */

/* Begin PBXVariantGroup section */
		9587A1841F83BA2800CD1568 /* Main.storyboard */ = {
			isa = PBXVariantGroup;
			children = (
				9587A1851F83BA2800CD1568 /* Base */,
			);
			name = Main.storyboard;
			sourceTree = "<group>";
		};
		9587A1891F83BA2800CD1568 /* LaunchScreen.storyboard */ = {
			isa = PBXVariantGroup;
			children = (
				9587A18A1F83BA2800CD1568 /* Base */,
			);
			name = LaunchScreen.storyboard;
			sourceTree = "<group>";
		};
/* End PBXVariantGroup section */

/* Begin XCBuildConfiguration section */
		9587A1981F83BA2800CD1568 /* Debug */ = {
			isa = XCBuildConfiguration;
			buildSettings = {
				ALWAYS_SEARCH_USER_PATHS = NO;
				CLANG_ANALYZER_NONNULL = YES;
				CLANG_CXX_LANGUAGE_STANDARD = "gnu++0x";
				CLANG_CXX_LIBRARY = "libc++";
				CLANG_ENABLE_MODULES = YES;
				CLANG_ENABLE_OBJC_ARC = YES;
				CLANG_WARN_BOOL_CONVERSION = YES;
				CLANG_WARN_CONSTANT_CONVERSION = YES;
				CLANG_WARN_DIRECT_OBJC_ISA_USAGE = YES_ERROR;
				CLANG_WARN_DOCUMENTATION_COMMENTS = YES;
				CLANG_WARN_EMPTY_BODY = YES;
				CLANG_WARN_ENUM_CONVERSION = YES;
				CLANG_WARN_INFINITE_RECURSION = YES;
				CLANG_WARN_INT_CONVERSION = YES;
				CLANG_WARN_OBJC_ROOT_CLASS = YES_ERROR;
				CLANG_WARN_SUSPICIOUS_MOVE = YES;
				CLANG_WARN_UNREACHABLE_CODE = YES;
				CLANG_WARN__DUPLICATE_METHOD_MATCH = YES;
				"CODE_SIGN_IDENTITY[sdk=iphoneos*]" = "iPhone Developer";
				COPY_PHASE_STRIP = NO;
				DEBUG_INFORMATION_FORMAT = dwarf;
				ENABLE_STRICT_OBJC_MSGSEND = YES;
				ENABLE_TESTABILITY = YES;
				GCC_C_LANGUAGE_STANDARD = gnu99;
				GCC_DYNAMIC_NO_PIC = NO;
				GCC_NO_COMMON_BLOCKS = YES;
				GCC_OPTIMIZATION_LEVEL = 0;
				GCC_PREPROCESSOR_DEFINITIONS = (
					"DEBUG=1",
					"$(inherited)",
				);
				GCC_WARN_64_TO_32_BIT_CONVERSION = YES;
				GCC_WARN_ABOUT_RETURN_TYPE = YES_ERROR;
				GCC_WARN_UNDECLARED_SELECTOR = YES;
				GCC_WARN_UNINITIALIZED_AUTOS = YES_AGGRESSIVE;
				GCC_WARN_UNUSED_FUNCTION = YES;
				GCC_WARN_UNUSED_VARIABLE = YES;
				IPHONEOS_DEPLOYMENT_TARGET = 10.2;
				MTL_ENABLE_DEBUG_INFO = YES;
				ONLY_ACTIVE_ARCH = YES;
				SDKROOT = iphoneos;
				SWIFT_ACTIVE_COMPILATION_CONDITIONS = DEBUG;
				SWIFT_OPTIMIZATION_LEVEL = "-Onone";
			};
			name = Debug;
		};
		9587A1991F83BA2800CD1568 /* Release */ = {
			isa = XCBuildConfiguration;
			buildSettings = {
				ALWAYS_SEARCH_USER_PATHS = NO;
				CLANG_ANALYZER_NONNULL = YES;
				CLANG_CXX_LANGUAGE_STANDARD = "gnu++0x";
				CLANG_CXX_LIBRARY = "libc++";
				CLANG_ENABLE_MODULES = YES;
				CLANG_ENABLE_OBJC_ARC = YES;
				CLANG_WARN_BOOL_CONVERSION = YES;
				CLANG_WARN_CONSTANT_CONVERSION = YES;
				CLANG_WARN_DIRECT_OBJC_ISA_USAGE = YES_ERROR;
				CLANG_WARN_DOCUMENTATION_COMMENTS = YES;
				CLANG_WARN_EMPTY_BODY = YES;
				CLANG_WARN_ENUM_CONVERSION = YES;
				CLANG_WARN_INFINITE_RECURSION = YES;
				CLANG_WARN_INT_CONVERSION = YES;
				CLANG_WARN_OBJC_ROOT_CLASS = YES_ERROR;
				CLANG_WARN_SUSPICIOUS_MOVE = YES;
				CLANG_WARN_UNREACHABLE_CODE = YES;
				CLANG_WARN__DUPLICATE_METHOD_MATCH = YES;
				"CODE_SIGN_IDENTITY[sdk=iphoneos*]" = "iPhone Developer";
				COPY_PHASE_STRIP = NO;
				DEBUG_INFORMATION_FORMAT = "dwarf-with-dsym";
				ENABLE_NS_ASSERTIONS = NO;
				ENABLE_STRICT_OBJC_MSGSEND = YES;
				GCC_C_LANGUAGE_STANDARD = gnu99;
				GCC_NO_COMMON_BLOCKS = YES;
				GCC_WARN_64_TO_32_BIT_CONVERSION = YES;
				GCC_WARN_ABOUT_RETURN_TYPE = YES_ERROR;
				GCC_WARN_UNDECLARED_SELECTOR = YES;
				GCC_WARN_UNINITIALIZED_AUTOS = YES_AGGRESSIVE;
				GCC_WARN_UNUSED_FUNCTION = YES;
				GCC_WARN_UNUSED_VARIABLE = YES;
				IPHONEOS_DEPLOYMENT_TARGET = 10.2;
				MTL_ENABLE_DEBUG_INFO = NO;
				SDKROOT = iphoneos;
				SWIFT_OPTIMIZATION_LEVEL = "-Owholemodule";
				VALIDATE_PRODUCT = YES;
			};
			name = Release;
		};
		9587A19B1F83BA2800CD1568 /* Debug */ = {
			isa = XCBuildConfiguration;
			baseConfigurationReference = 217EF5800BCAB85FAEADB6B3 /* Pods-RssNewsClient.debug.xcconfig */;
			buildSettings = {
				ASSETCATALOG_COMPILER_APPICON_NAME = AppIcon;
				DEVELOPMENT_TEAM = WNZNG5YT8F;
				INFOPLIST_FILE = RssNewsClient/Info.plist;
				LD_RUNPATH_SEARCH_PATHS = "$(inherited) @executable_path/Frameworks";
				PRODUCT_BUNDLE_IDENTIFIER = KODE.RssNewsClient;
				PRODUCT_NAME = "$(TARGET_NAME)";
				SWIFT_VERSION = 3.0;
			};
			name = Debug;
		};
		9587A19C1F83BA2800CD1568 /* Release */ = {
			isa = XCBuildConfiguration;
			baseConfigurationReference = EDBF603D16406E5EB4D354F3 /* Pods-RssNewsClient.release.xcconfig */;
			buildSettings = {
				ASSETCATALOG_COMPILER_APPICON_NAME = AppIcon;
				DEVELOPMENT_TEAM = WNZNG5YT8F;
				INFOPLIST_FILE = RssNewsClient/Info.plist;
				LD_RUNPATH_SEARCH_PATHS = "$(inherited) @executable_path/Frameworks";
				PRODUCT_BUNDLE_IDENTIFIER = KODE.RssNewsClient;
				PRODUCT_NAME = "$(TARGET_NAME)";
				SWIFT_VERSION = 3.0;
			};
			name = Release;
		};
		9587A19E1F83BA2800CD1568 /* Debug */ = {
			isa = XCBuildConfiguration;
			baseConfigurationReference = 137D30E8EC520892DA48932F /* Pods-RssNewsClientTests.debug.xcconfig */;
			buildSettings = {
				ALWAYS_EMBED_SWIFT_STANDARD_LIBRARIES = YES;
				BUNDLE_LOADER = "$(TEST_HOST)";
				DEVELOPMENT_TEAM = WNZNG5YT8F;
				INFOPLIST_FILE = RssNewsClientTests/Info.plist;
				LD_RUNPATH_SEARCH_PATHS = "$(inherited) @executable_path/Frameworks @loader_path/Frameworks";
				PRODUCT_BUNDLE_IDENTIFIER = KODE.RssNewsClientTests;
				PRODUCT_NAME = "$(TARGET_NAME)";
				SWIFT_VERSION = 3.0;
				TEST_HOST = "$(BUILT_PRODUCTS_DIR)/RssNewsClient.app/RssNewsClient";
			};
			name = Debug;
		};
		9587A19F1F83BA2800CD1568 /* Release */ = {
			isa = XCBuildConfiguration;
			baseConfigurationReference = 273EBD4D950C88674F98687A /* Pods-RssNewsClientTests.release.xcconfig */;
			buildSettings = {
				ALWAYS_EMBED_SWIFT_STANDARD_LIBRARIES = YES;
				BUNDLE_LOADER = "$(TEST_HOST)";
				DEVELOPMENT_TEAM = WNZNG5YT8F;
				INFOPLIST_FILE = RssNewsClientTests/Info.plist;
				LD_RUNPATH_SEARCH_PATHS = "$(inherited) @executable_path/Frameworks @loader_path/Frameworks";
				PRODUCT_BUNDLE_IDENTIFIER = KODE.RssNewsClientTests;
				PRODUCT_NAME = "$(TARGET_NAME)";
				SWIFT_VERSION = 3.0;
				TEST_HOST = "$(BUILT_PRODUCTS_DIR)/RssNewsClient.app/RssNewsClient";
			};
			name = Release;
		};
/* End XCBuildConfiguration section */

/* Begin XCConfigurationList section */
		9587A1781F83BA2800CD1568 /* Build configuration list for PBXProject "RssNewsClient" */ = {
			isa = XCConfigurationList;
			buildConfigurations = (
				9587A1981F83BA2800CD1568 /* Debug */,
				9587A1991F83BA2800CD1568 /* Release */,
			);
			defaultConfigurationIsVisible = 0;
			defaultConfigurationName = Release;
		};
		9587A19A1F83BA2800CD1568 /* Build configuration list for PBXNativeTarget "RssNewsClient" */ = {
			isa = XCConfigurationList;
			buildConfigurations = (
				9587A19B1F83BA2800CD1568 /* Debug */,
				9587A19C1F83BA2800CD1568 /* Release */,
			);
			defaultConfigurationIsVisible = 0;
			defaultConfigurationName = Release;
		};
		9587A19D1F83BA2800CD1568 /* Build configuration list for PBXNativeTarget "RssNewsClientTests" */ = {
			isa = XCConfigurationList;
			buildConfigurations = (
				9587A19E1F83BA2800CD1568 /* Debug */,
				9587A19F1F83BA2800CD1568 /* Release */,
			);
			defaultConfigurationIsVisible = 0;
			defaultConfigurationName = Release;
		};
/* End XCConfigurationList section */
	};
	rootObject = 9587A1751F83BA2800CD1568 /* Project object */;
}
